
Microsoft Visual Studio Solution File, Format Version 12.00
# Visual Studio Version 17
VisualStudioVersion = 17.6.33815.320
MinimumVisualStudioVersion = 10.0.40219.1
Project("{2150E333-8FDC-42A3-9474-1A3956D46DE8}") = "FrontEnd", "FrontEnd", "{E5D86402-77C0-4184-BF55-76B67CC59EDC}"
EndProject
Project("{2150E333-8FDC-42A3-9474-1A3956D46DE8}") = "Gateway", "Gateway", "{3C35120A-EEF4-4C0D-86FB-CCB0536C404B}"
EndProject
Project("{2150E333-8FDC-42A3-9474-1A3956D46DE8}") = "Integration", "Integration", "{58EF4CBC-4529-4464-94F3-ED10E233277E}"
EndProject
Project("{2150E333-8FDC-42A3-9474-1A3956D46DE8}") = "Services", "Services", "{A4A8EAC0-B61F-4394-916A-6F797C59BB0D}"
EndProject
Project("{9A19103F-16F7-4668-BE54-9A1E7A4F7556}") = "Mango.Services.CouponAPI", "Mango.Services.CouponAPI\Mango.Services.CouponAPI.csproj", "{6732B7B3-E536-48E8-AFC4-D13529F14438}"
EndProject
Project("{9A19103F-16F7-4668-BE54-9A1E7A4F7556}") = "Mango.web", "Mango.web\Mango.web.csproj", "{B6B97707-B0C9-4C0F-820D-B751A24FB71D}"
EndProject
Project("{FAE04EC0-301F-11D3-BF4B-00C04F79EFBC}") = "Mango.Services.AuthAPI", "Mango.Services.AuthAPI\Mango.Services.AuthAPI.csproj", "{20B998D5-AF92-4A86-BBF4-24E6AB74B757}"
EndProject
Global
	GlobalSection(SolutionConfigurationPlatforms) = preSolution
		Debug|Any CPU = Debug|Any CPU
		Release|Any CPU = Release|Any CPU
	EndGlobalSection
	GlobalSection(ProjectConfigurationPlatforms) = postSolution
		{6732B7B3-E536-48E8-AFC4-D13529F14438}.Debug|Any CPU.ActiveCfg = Debug|Any CPU
		{6732B7B3-E536-48E8-AFC4-D13529F14438}.Debug|Any CPU.Build.0 = Debug|Any CPU
		{6732B7B3-E536-48E8-AFC4-D13529F14438}.Release|Any CPU.ActiveCfg = Release|Any CPU
		{6732B7B3-E536-48E8-AFC4-D13529F14438}.Release|Any CPU.Build.0 = Release|Any CPU
		{B6B97707-B0C9-4C0F-820D-B751A24FB71D}.Debug|Any CPU.ActiveCfg = Debug|Any CPU
		{B6B97707-B0C9-4C0F-820D-B751A24FB71D}.Debug|Any CPU.Build.0 = Debug|Any CPU
		{B6B97707-B0C9-4C0F-820D-B751A24FB71D}.Release|Any CPU.ActiveCfg = Release|Any CPU
		{B6B97707-B0C9-4C0F-820D-B751A24FB71D}.Release|Any CPU.Build.0 = Release|Any CPU
		{20B998D5-AF92-4A86-BBF4-24E6AB74B757}.Debug|Any CPU.ActiveCfg = Debug|Any CPU
		{20B998D5-AF92-4A86-BBF4-24E6AB74B757}.Debug|Any CPU.Build.0 = Debug|Any CPU
		{20B998D5-AF92-4A86-BBF4-24E6AB74B757}.Release|Any CPU.ActiveCfg = Release|Any CPU
		{20B998D5-AF92-4A86-BBF4-24E6AB74B757}.Release|Any CPU.Build.0 = Release|Any CPU
	EndGlobalSection
	GlobalSection(SolutionProperties) = preSolution
		HideSolutionNode = FALSE
	EndGlobalSection
	GlobalSection(NestedProjects) = preSolution
		{6732B7B3-E536-48E8-AFC4-D13529F14438} = {A4A8EAC0-B61F-4394-916A-6F797C59BB0D}
		{B6B97707-B0C9-4C0F-820D-B751A24FB71D} = {E5D86402-77C0-4184-BF55-76B67CC59EDC}
		{20B998D5-AF92-4A86-BBF4-24E6AB74B757} = {A4A8EAC0-B61F-4394-916A-6F797C59BB0D}
	EndGlobalSection
	GlobalSection(ExtensibilityGlobals) = postSolution
		SolutionGuid = {E514577A-7DE2-4BB9-AC7F-ED7353F57126}
	EndGlobalSection
EndGlobal
